
Microsoft Visual Studio Solution File, Format Version 12.00
# Visual Studio 2013
VisualStudioVersion = 12.0.31101.0
MinimumVisualStudioVersion = 10.0.40219.1
Project("{FAE04EC0-301F-11D3-BF4B-00C04F79EFBC}") = "PetbaoWeixin.Web", "PetbaoWeixin.Web\PetbaoWeixin.Web.csproj", "{F4A2FC6B-3BDD-4ED9-988F-275756538B99}"
EndProject
Project("{FAE04EC0-301F-11D3-BF4B-00C04F79EFBC}") = "PetbaoWeixin.Entities", "PetbaoWeixin.Entities\PetbaoWeixin.Entities.csproj", "{0557ED88-0345-4B80-B912-B04659BB4E22}"
EndProject
Project("{FAE04EC0-301F-11D3-BF4B-00C04F79EFBC}") = "PetbaoWeixin.HttpCore", "PetbaoWeixin.HttpCore\PetbaoWeixin.HttpCore.csproj", "{BBEC8B6B-CB50-4CF3-AD4D-DF77023932BF}"
EndProject
Project("{FAE04EC0-301F-11D3-BF4B-00C04F79EFBC}") = "PetbaoWeixin.Utility", "PetbaoWeixin.Utility\PetbaoWeixin.Utility.csproj", "{E8BCA216-0B84-4F66-B165-1B193C6974B9}"
EndProject
Project("{FAE04EC0-301F-11D3-BF4B-00C04F79EFBC}") = "PetbaoWeixin.Command", "PetbaoWeixin.Command\PetbaoWeixin.Command.csproj", "{85985120-9C41-4125-BDFD-380014A900A7}"
EndProject
Project("{FAE04EC0-301F-11D3-BF4B-00C04F79EFBC}") = "PetbaoWeixin.Business", "PetbaoWeixin.Business\PetbaoWeixin.Business.csproj", "{4F21AD41-2F13-474A-BADF-9D38B682D7D0}"
EndProject
Project("{FAE04EC0-301F-11D3-BF4B-00C04F79EFBC}") = "PetbaoWeixin.DataAccess", "PetbaoWeixin.DataAccess\PetbaoWeixin.DataAccess.csproj", "{4A2DE3B3-463F-4F93-8517-5C35543F4D25}"
EndProject
Project("{FAE04EC0-301F-11D3-BF4B-00C04F79EFBC}") = "PetbaoWeixinWeb.RemoteService", "..\WeixinWeb\PetbaoWeixinWeb.RemoteService\PetbaoWeixinWeb.RemoteService.csproj", "{0E1DE1E8-F784-4136-BA9F-CAB6309203B0}"
EndProject
Global
	GlobalSection(SolutionConfigurationPlatforms) = preSolution
		Debug|Any CPU = Debug|Any CPU
		Release|Any CPU = Release|Any CPU
	EndGlobalSection
	GlobalSection(ProjectConfigurationPlatforms) = postSolution
		{F4A2FC6B-3BDD-4ED9-988F-275756538B99}.Debug|Any CPU.ActiveCfg = Debug|Any CPU
		{F4A2FC6B-3BDD-4ED9-988F-275756538B99}.Debug|Any CPU.Build.0 = Debug|Any CPU
		{F4A2FC6B-3BDD-4ED9-988F-275756538B99}.Release|Any CPU.ActiveCfg = Release|Any CPU
		{F4A2FC6B-3BDD-4ED9-988F-275756538B99}.Release|Any CPU.Build.0 = Release|Any CPU
		{0557ED88-0345-4B80-B912-B04659BB4E22}.Debug|Any CPU.ActiveCfg = Debug|Any CPU
		{0557ED88-0345-4B80-B912-B04659BB4E22}.Debug|Any CPU.Build.0 = Debug|Any CPU
		{0557ED88-0345-4B80-B912-B04659BB4E22}.Release|Any CPU.ActiveCfg = Release|Any CPU
		{0557ED88-0345-4B80-B912-B04659BB4E22}.Release|Any CPU.Build.0 = Release|Any CPU
		{BBEC8B6B-CB50-4CF3-AD4D-DF77023932BF}.Debug|Any CPU.ActiveCfg = Debug|Any CPU
		{BBEC8B6B-CB50-4CF3-AD4D-DF77023932BF}.Debug|Any CPU.Build.0 = Debug|Any CPU
		{BBEC8B6B-CB50-4CF3-AD4D-DF77023932BF}.Release|Any CPU.ActiveCfg = Release|Any CPU
		{BBEC8B6B-CB50-4CF3-AD4D-DF77023932BF}.Release|Any CPU.Build.0 = Release|Any CPU
		{E8BCA216-0B84-4F66-B165-1B193C6974B9}.Debug|Any CPU.ActiveCfg = Debug|Any CPU
		{E8BCA216-0B84-4F66-B165-1B193C6974B9}.Debug|Any CPU.Build.0 = Debug|Any CPU
		{E8BCA216-0B84-4F66-B165-1B193C6974B9}.Release|Any CPU.ActiveCfg = Release|Any CPU
		{E8BCA216-0B84-4F66-B165-1B193C6974B9}.Release|Any CPU.Build.0 = Release|Any CPU
		{85985120-9C41-4125-BDFD-380014A900A7}.Debug|Any CPU.ActiveCfg = Debug|Any CPU
		{85985120-9C41-4125-BDFD-380014A900A7}.Debug|Any CPU.Build.0 = Debug|Any CPU
		{85985120-9C41-4125-BDFD-380014A900A7}.Release|Any CPU.ActiveCfg = Release|Any CPU
		{85985120-9C41-4125-BDFD-380014A900A7}.Release|Any CPU.Build.0 = Release|Any CPU
		{4F21AD41-2F13-474A-BADF-9D38B682D7D0}.Debug|Any CPU.ActiveCfg = Debug|Any CPU
		{4F21AD41-2F13-474A-BADF-9D38B682D7D0}.Debug|Any CPU.Build.0 = Debug|Any CPU
		{4F21AD41-2F13-474A-BADF-9D38B682D7D0}.Release|Any CPU.ActiveCfg = Release|Any CPU
		{4F21AD41-2F13-474A-BADF-9D38B682D7D0}.Release|Any CPU.Build.0 = Release|Any CPU
		{4A2DE3B3-463F-4F93-8517-5C35543F4D25}.Debug|Any CPU.ActiveCfg = Debug|Any CPU
		{4A2DE3B3-463F-4F93-8517-5C35543F4D25}.Debug|Any CPU.Build.0 = Debug|Any CPU
		{4A2DE3B3-463F-4F93-8517-5C35543F4D25}.Release|Any CPU.ActiveCfg = Release|Any CPU
		{4A2DE3B3-463F-4F93-8517-5C35543F4D25}.Release|Any CPU.Build.0 = Release|Any CPU
		{0E1DE1E8-F784-4136-BA9F-CAB6309203B0}.Debug|Any CPU.ActiveCfg = Debug|Any CPU
		{0E1DE1E8-F784-4136-BA9F-CAB6309203B0}.Debug|Any CPU.Build.0 = Debug|Any CPU
		{0E1DE1E8-F784-4136-BA9F-CAB6309203B0}.Release|Any CPU.ActiveCfg = Release|Any CPU
		{0E1DE1E8-F784-4136-BA9F-CAB6309203B0}.Release|Any CPU.Build.0 = Release|Any CPU
	EndGlobalSection
	GlobalSection(SolutionProperties) = preSolution
		HideSolutionNode = FALSE
	EndGlobalSection
EndGlobal
